
Microsoft Visual Studio Solution File, Format Version 11.00
# Visual Studio 2010
Project("{F184B08F-C81C-45F6-A57F-5ABD9991F28F}") = "ScheduleAnalyzer", "ScheduleAnalyzer\ScheduleAnalyzer.vbproj", "{A056B48D-0521-46D5-BAB1-1DB7E7397F38}"
EndProject
Global
	GlobalSection(SolutionConfigurationPlatforms) = preSolution
		Debug|x86 = Debug|x86
		Release|x86 = Release|x86
	EndGlobalSection
	GlobalSection(ProjectConfigurationPlatforms) = postSolution
		{A056B48D-0521-46D5-BAB1-1DB7E7397F38}.Debug|x86.ActiveCfg = Debug|x86
		{A056B48D-0521-46D5-BAB1-1DB7E7397F38}.Debug|x86.Build.0 = Debug|x86
		{A056B48D-0521-46D5-BAB1-1DB7E7397F38}.Release|x86.ActiveCfg = Release|x86
		{A056B48D-0521-46D5-BAB1-1DB7E7397F38}.Release|x86.Build.0 = Release|x86
	EndGlobalSection
	GlobalSection(SolutionProperties) = preSolution
		HideSolutionNode = FALSE
	EndGlobalSection
EndGlobal
